
Microsoft Visual Studio Solution File, Format Version 12.00
# Visual Studio Version 17
VisualStudioVersion = 17.3.32825.248
MinimumVisualStudioVersion = 10.0.40219.1
Project("{8BC9CEB8-8B4A-11D0-8D11-00A0C91BC942}") = "opdr_3_19", "opdr_3_19\opdr_3_19.vcxproj", "{8BC26A3A-B9EC-4AFF-8D63-491337FE732C}"
EndProject
Project("{8BC9CEB8-8B4A-11D0-8D11-00A0C91BC942}") = "opdr_3_21", "opdr_3_21\opdr_3_21.vcxproj", "{566FCDED-16CE-4757-B230-F96B2CC34B2E}"
EndProject
Project("{8BC9CEB8-8B4A-11D0-8D11-00A0C91BC942}") = "opdr_3_22", "opdr_3_22\opdr_3_22.vcxproj", "{F3B46CE4-7B12-47DE-AF60-FF97CE20FAA9}"
EndProject
Project("{8BC9CEB8-8B4A-11D0-8D11-00A0C91BC942}") = "opdr_3_23", "opdr_3_23\opdr_3_23.vcxproj", "{76AEC108-603B-4ED3-BA8E-F7F1E9BF4CC6}"
EndProject
Project("{8BC9CEB8-8B4A-11D0-8D11-00A0C91BC942}") = "opdr_3_24", "opdr_3_24\opdr_3_24.vcxproj", "{2A6AE1A3-4A66-4820-AF0B-145998E23F67}"
EndProject
Global
	GlobalSection(SolutionConfigurationPlatforms) = preSolution
		Debug|x64 = Debug|x64
		Debug|x86 = Debug|x86
		Release|x64 = Release|x64
		Release|x86 = Release|x86
	EndGlobalSection
	GlobalSection(ProjectConfigurationPlatforms) = postSolution
		{8BC26A3A-B9EC-4AFF-8D63-491337FE732C}.Debug|x64.ActiveCfg = Debug|x64
		{8BC26A3A-B9EC-4AFF-8D63-491337FE732C}.Debug|x64.Build.0 = Debug|x64
		{8BC26A3A-B9EC-4AFF-8D63-491337FE732C}.Debug|x86.ActiveCfg = Debug|Win32
		{8BC26A3A-B9EC-4AFF-8D63-491337FE732C}.Debug|x86.Build.0 = Debug|Win32
		{8BC26A3A-B9EC-4AFF-8D63-491337FE732C}.Release|x64.ActiveCfg = Release|x64
		{8BC26A3A-B9EC-4AFF-8D63-491337FE732C}.Release|x64.Build.0 = Release|x64
		{8BC26A3A-B9EC-4AFF-8D63-491337FE732C}.Release|x86.ActiveCfg = Release|Win32
		{8BC26A3A-B9EC-4AFF-8D63-491337FE732C}.Release|x86.Build.0 = Release|Win32
		{566FCDED-16CE-4757-B230-F96B2CC34B2E}.Debug|x64.ActiveCfg = Debug|x64
		{566FCDED-16CE-4757-B230-F96B2CC34B2E}.Debug|x64.Build.0 = Debug|x64
		{566FCDED-16CE-4757-B230-F96B2CC34B2E}.Debug|x86.ActiveCfg = Debug|Win32
		{566FCDED-16CE-4757-B230-F96B2CC34B2E}.Debug|x86.Build.0 = Debug|Win32
		{566FCDED-16CE-4757-B230-F96B2CC34B2E}.Release|x64.ActiveCfg = Release|x64
		{566FCDED-16CE-4757-B230-F96B2CC34B2E}.Release|x64.Build.0 = Release|x64
		{566FCDED-16CE-4757-B230-F96B2CC34B2E}.Release|x86.ActiveCfg = Release|Win32
		{566FCDED-16CE-4757-B230-F96B2CC34B2E}.Release|x86.Build.0 = Release|Win32
		{F3B46CE4-7B12-47DE-AF60-FF97CE20FAA9}.Debug|x64.ActiveCfg = Debug|x64
		{F3B46CE4-7B12-47DE-AF60-FF97CE20FAA9}.Debug|x64.Build.0 = Debug|x64
		{F3B46CE4-7B12-47DE-AF60-FF97CE20FAA9}.Debug|x86.ActiveCfg = Debug|Win32
		{F3B46CE4-7B12-47DE-AF60-FF97CE20FAA9}.Debug|x86.Build.0 = Debug|Win32
		{F3B46CE4-7B12-47DE-AF60-FF97CE20FAA9}.Release|x64.ActiveCfg = Release|x64
		{F3B46CE4-7B12-47DE-AF60-FF97CE20FAA9}.Release|x64.Build.0 = Release|x64
		{F3B46CE4-7B12-47DE-AF60-FF97CE20FAA9}.Release|x86.ActiveCfg = Release|Win32
		{F3B46CE4-7B12-47DE-AF60-FF97CE20FAA9}.Release|x86.Build.0 = Release|Win32
		{76AEC108-603B-4ED3-BA8E-F7F1E9BF4CC6}.Debug|x64.ActiveCfg = Debug|x64
		{76AEC108-603B-4ED3-BA8E-F7F1E9BF4CC6}.Debug|x64.Build.0 = Debug|x64
		{76AEC108-603B-4ED3-BA8E-F7F1E9BF4CC6}.Debug|x86.ActiveCfg = Debug|Win32
		{76AEC108-603B-4ED3-BA8E-F7F1E9BF4CC6}.Debug|x86.Build.0 = Debug|Win32
		{76AEC108-603B-4ED3-BA8E-F7F1E9BF4CC6}.Release|x64.ActiveCfg = Release|x64
		{76AEC108-603B-4ED3-BA8E-F7F1E9BF4CC6}.Release|x64.Build.0 = Release|x64
		{76AEC108-603B-4ED3-BA8E-F7F1E9BF4CC6}.Release|x86.ActiveCfg = Release|Win32
		{76AEC108-603B-4ED3-BA8E-F7F1E9BF4CC6}.Release|x86.Build.0 = Release|Win32
		{2A6AE1A3-4A66-4820-AF0B-145998E23F67}.Debug|x64.ActiveCfg = Debug|x64
		{2A6AE1A3-4A66-4820-AF0B-145998E23F67}.Debug|x64.Build.0 = Debug|x64
		{2A6AE1A3-4A66-4820-AF0B-145998E23F67}.Debug|x86.ActiveCfg = Debug|Win32
		{2A6AE1A3-4A66-4820-AF0B-145998E23F67}.Debug|x86.Build.0 = Debug|Win32
		{2A6AE1A3-4A66-4820-AF0B-145998E23F67}.Release|x64.ActiveCfg = Release|x64
		{2A6AE1A3-4A66-4820-AF0B-145998E23F67}.Release|x64.Build.0 = Release|x64
		{2A6AE1A3-4A66-4820-AF0B-145998E23F67}.Release|x86.ActiveCfg = Release|Win32
		{2A6AE1A3-4A66-4820-AF0B-145998E23F67}.Release|x86.Build.0 = Release|Win32
	EndGlobalSection
	GlobalSection(SolutionProperties) = preSolution
		HideSolutionNode = FALSE
	EndGlobalSection
	GlobalSection(ExtensibilityGlobals) = postSolution
		SolutionGuid = {B140CEE4-CA50-4D31-8A86-6C1A2B2B38F4}
	EndGlobalSection
EndGlobal
